
Microsoft Visual Studio Solution File, Format Version 12.00
# Visual Studio Version 17
VisualStudioVersion = 17.8.34004.107
MinimumVisualStudioVersion = 10.0.40219.1
Project("{FAE04EC0-301F-11D3-BF4B-00C04F79EFBC}") = "BitStorm", "BitStorm\BitStorm.csproj", "{1005B904-4CCD-4D8B-8B84-F3C180CE92DA}"
EndProject
Global
	GlobalSection(SolutionConfigurationPlatforms) = preSolution
		Debug|Any CPU = Debug|Any CPU
		Release|Any CPU = Release|Any CPU
	EndGlobalSection
	GlobalSection(ProjectConfigurationPlatforms) = postSolution
		{1005B904-4CCD-4D8B-8B84-F3C180CE92DA}.Debug|Any CPU.ActiveCfg = Debug|Any CPU
		{1005B904-4CCD-4D8B-8B84-F3C180CE92DA}.Debug|Any CPU.Build.0 = Debug|Any CPU
		{1005B904-4CCD-4D8B-8B84-F3C180CE92DA}.Release|Any CPU.ActiveCfg = Release|Any CPU
		{1005B904-4CCD-4D8B-8B84-F3C180CE92DA}.Release|Any CPU.Build.0 = Release|Any CPU
	EndGlobalSection
	GlobalSection(SolutionProperties) = preSolution
		HideSolutionNode = FALSE
	EndGlobalSection
	GlobalSection(ExtensibilityGlobals) = postSolution
		SolutionGuid = {B6978873-2046-41AB-BD52-3E6879A9D9C3}
	EndGlobalSection
EndGlobal
