
Microsoft Visual Studio Solution File, Format Version 12.00
# Visual Studio Version 17
VisualStudioVersion = 17.8.34004.107
MinimumVisualStudioVersion = 10.0.40219.1
Project("{9A19103F-16F7-4668-BE54-9A1E7A4F7556}") = "BitStorm", "BitStorm\BitStorm.csproj", "{1005B904-4CCD-4D8B-8B84-F3C180CE92DA}"
EndProject
Project("{FAE04EC0-301F-11D3-BF4B-00C04F79EFBC}") = "DataAccess", "BItStormDataAccess\DataAccess.csproj", "{235AC8E9-FA07-47F8-A0EC-DF690DB385A5}"
EndProject
Project("{FAE04EC0-301F-11D3-BF4B-00C04F79EFBC}") = "Models", "BitStorm.Model\Models.csproj", "{F3F01C7F-3360-4B6C-B9BF-5FF6C0F9C097}"
EndProject
Global
	GlobalSection(SolutionConfigurationPlatforms) = preSolution
		Debug|Any CPU = Debug|Any CPU
		Release|Any CPU = Release|Any CPU
	EndGlobalSection
	GlobalSection(ProjectConfigurationPlatforms) = postSolution
		{1005B904-4CCD-4D8B-8B84-F3C180CE92DA}.Debug|Any CPU.ActiveCfg = Debug|Any CPU
		{1005B904-4CCD-4D8B-8B84-F3C180CE92DA}.Debug|Any CPU.Build.0 = Debug|Any CPU
		{1005B904-4CCD-4D8B-8B84-F3C180CE92DA}.Release|Any CPU.ActiveCfg = Release|Any CPU
		{1005B904-4CCD-4D8B-8B84-F3C180CE92DA}.Release|Any CPU.Build.0 = Release|Any CPU
		{235AC8E9-FA07-47F8-A0EC-DF690DB385A5}.Debug|Any CPU.ActiveCfg = Debug|Any CPU
		{235AC8E9-FA07-47F8-A0EC-DF690DB385A5}.Debug|Any CPU.Build.0 = Debug|Any CPU
		{235AC8E9-FA07-47F8-A0EC-DF690DB385A5}.Release|Any CPU.ActiveCfg = Release|Any CPU
		{235AC8E9-FA07-47F8-A0EC-DF690DB385A5}.Release|Any CPU.Build.0 = Release|Any CPU
		{F3F01C7F-3360-4B6C-B9BF-5FF6C0F9C097}.Debug|Any CPU.ActiveCfg = Debug|Any CPU
		{F3F01C7F-3360-4B6C-B9BF-5FF6C0F9C097}.Debug|Any CPU.Build.0 = Debug|Any CPU
		{F3F01C7F-3360-4B6C-B9BF-5FF6C0F9C097}.Release|Any CPU.ActiveCfg = Release|Any CPU
		{F3F01C7F-3360-4B6C-B9BF-5FF6C0F9C097}.Release|Any CPU.Build.0 = Release|Any CPU
	EndGlobalSection
	GlobalSection(SolutionProperties) = preSolution
		HideSolutionNode = FALSE
	EndGlobalSection
	GlobalSection(ExtensibilityGlobals) = postSolution
		SolutionGuid = {B6978873-2046-41AB-BD52-3E6879A9D9C3}
	EndGlobalSection
EndGlobal
